
Microsoft Visual Studio Solution File, Format Version 12.00
Project("{FAE04EC0-301F-11D3-BF4B-00C04F79EFBC}") = "MyFirstConsole", "MyFirstConsole\MyFirstConsole.csproj", "{010E1634-C45A-4D41-B996-817F01C6DC23}"
EndProject
Project("{FAE04EC0-301F-11D3-BF4B-00C04F79EFBC}") = "MySecondConsole", "MySecondConsole\MySecondConsole.csproj", "{E63D4E1F-6404-430C-9079-FFC5F0E56859}"
EndProject
Project("{FAE04EC0-301F-11D3-BF4B-00C04F79EFBC}") = "ConsoleApp1", "ConsoleApp1\ConsoleApp1.csproj", "{61E2C0CC-2776-411C-9314-1F4627608167}"
EndProject
Project("{2150E333-8FDC-42A3-9474-1A3956D46DE8}") = "HomeWork3", "HomeWork3", "{A7183C1A-C4EA-4186-AE04-D8D531AEE095}"
EndProject
Project("{FAE04EC0-301F-11D3-BF4B-00C04F79EFBC}") = "Task_1", "Task_1\Task_1.csproj", "{A2D08801-FD6B-49A7-930A-65F75D6D5BAB}"
EndProject
Project("{FAE04EC0-301F-11D3-BF4B-00C04F79EFBC}") = "Task_2", "Task_2\Task_2.csproj", "{93569E39-40FB-4C85-B18B-0C2EC6904148}"
EndProject
Project("{FAE04EC0-301F-11D3-BF4B-00C04F79EFBC}") = "Task_3", "Task_3\Task_3.csproj", "{735A8047-54B1-41E3-8311-37AE89019F95}"
EndProject
Global
	GlobalSection(SolutionConfigurationPlatforms) = preSolution
		Debug|Any CPU = Debug|Any CPU
		Release|Any CPU = Release|Any CPU
	EndGlobalSection
	GlobalSection(ProjectConfigurationPlatforms) = postSolution
		{010E1634-C45A-4D41-B996-817F01C6DC23}.Debug|Any CPU.ActiveCfg = Debug|Any CPU
		{010E1634-C45A-4D41-B996-817F01C6DC23}.Debug|Any CPU.Build.0 = Debug|Any CPU
		{010E1634-C45A-4D41-B996-817F01C6DC23}.Release|Any CPU.ActiveCfg = Release|Any CPU
		{010E1634-C45A-4D41-B996-817F01C6DC23}.Release|Any CPU.Build.0 = Release|Any CPU
		{E63D4E1F-6404-430C-9079-FFC5F0E56859}.Debug|Any CPU.ActiveCfg = Debug|Any CPU
		{E63D4E1F-6404-430C-9079-FFC5F0E56859}.Debug|Any CPU.Build.0 = Debug|Any CPU
		{E63D4E1F-6404-430C-9079-FFC5F0E56859}.Release|Any CPU.ActiveCfg = Release|Any CPU
		{E63D4E1F-6404-430C-9079-FFC5F0E56859}.Release|Any CPU.Build.0 = Release|Any CPU
		{61E2C0CC-2776-411C-9314-1F4627608167}.Debug|Any CPU.ActiveCfg = Debug|Any CPU
		{61E2C0CC-2776-411C-9314-1F4627608167}.Debug|Any CPU.Build.0 = Debug|Any CPU
		{61E2C0CC-2776-411C-9314-1F4627608167}.Release|Any CPU.ActiveCfg = Release|Any CPU
		{61E2C0CC-2776-411C-9314-1F4627608167}.Release|Any CPU.Build.0 = Release|Any CPU
		{A2D08801-FD6B-49A7-930A-65F75D6D5BAB}.Debug|Any CPU.ActiveCfg = Debug|Any CPU
		{A2D08801-FD6B-49A7-930A-65F75D6D5BAB}.Debug|Any CPU.Build.0 = Debug|Any CPU
		{A2D08801-FD6B-49A7-930A-65F75D6D5BAB}.Release|Any CPU.ActiveCfg = Release|Any CPU
		{A2D08801-FD6B-49A7-930A-65F75D6D5BAB}.Release|Any CPU.Build.0 = Release|Any CPU
		{93569E39-40FB-4C85-B18B-0C2EC6904148}.Debug|Any CPU.ActiveCfg = Debug|Any CPU
		{93569E39-40FB-4C85-B18B-0C2EC6904148}.Debug|Any CPU.Build.0 = Debug|Any CPU
		{93569E39-40FB-4C85-B18B-0C2EC6904148}.Release|Any CPU.ActiveCfg = Release|Any CPU
		{93569E39-40FB-4C85-B18B-0C2EC6904148}.Release|Any CPU.Build.0 = Release|Any CPU
		{735A8047-54B1-41E3-8311-37AE89019F95}.Debug|Any CPU.ActiveCfg = Debug|Any CPU
		{735A8047-54B1-41E3-8311-37AE89019F95}.Debug|Any CPU.Build.0 = Debug|Any CPU
		{735A8047-54B1-41E3-8311-37AE89019F95}.Release|Any CPU.ActiveCfg = Release|Any CPU
		{735A8047-54B1-41E3-8311-37AE89019F95}.Release|Any CPU.Build.0 = Release|Any CPU
	EndGlobalSection
	GlobalSection(NestedProjects) = preSolution
		{A2D08801-FD6B-49A7-930A-65F75D6D5BAB} = {A7183C1A-C4EA-4186-AE04-D8D531AEE095}
		{93569E39-40FB-4C85-B18B-0C2EC6904148} = {A7183C1A-C4EA-4186-AE04-D8D531AEE095}
		{735A8047-54B1-41E3-8311-37AE89019F95} = {A7183C1A-C4EA-4186-AE04-D8D531AEE095}
	EndGlobalSection
EndGlobal
