
Microsoft Visual Studio Solution File, Format Version 12.00
Project("{FAE04EC0-301F-11D3-BF4B-00C04F79EFBC}") = "MyFirstConsole", "MyFirstConsole\MyFirstConsole.csproj", "{010E1634-C45A-4D41-B996-817F01C6DC23}"
EndProject
Project("{FAE04EC0-301F-11D3-BF4B-00C04F79EFBC}") = "MySecondConsole", "MySecondConsole\MySecondConsole.csproj", "{E63D4E1F-6404-430C-9079-FFC5F0E56859}"
EndProject
Project("{FAE04EC0-301F-11D3-BF4B-00C04F79EFBC}") = "ConsoleApp1", "ConsoleApp1\ConsoleApp1.csproj", "{61E2C0CC-2776-411C-9314-1F4627608167}"
EndProject
Project("{2150E333-8FDC-42A3-9474-1A3956D46DE8}") = "HomeWork3", "HomeWork3", "{A7183C1A-C4EA-4186-AE04-D8D531AEE095}"
EndProject
Project("{FAE04EC0-301F-11D3-BF4B-00C04F79EFBC}") = "HomeWork3_Task_1", "HomeWork3_Task_1\HomeWork3_Task_1.csproj", "{A2D08801-FD6B-49A7-930A-65F75D6D5BAB}"
EndProject
Project("{FAE04EC0-301F-11D3-BF4B-00C04F79EFBC}") = "HomeWork3_Task_2", "HomeWork3_Task_2\HomeWork3_Task_2.csproj", "{93569E39-40FB-4C85-B18B-0C2EC6904148}"
EndProject
Project("{FAE04EC0-301F-11D3-BF4B-00C04F79EFBC}") = "HomeWork3_Task_3", "HomeWork3_Task_3\HomeWork3_Task_3.csproj", "{735A8047-54B1-41E3-8311-37AE89019F95}"
EndProject
Project("{2150E333-8FDC-42A3-9474-1A3956D46DE8}") = "HW_lesson5", "HW_lesson5", "{BC43DCE7-82B5-4596-AB1D-2E182AB924FC}"
EndProject
Project("{FAE04EC0-301F-11D3-BF4B-00C04F79EFBC}") = "HW_Lesson5_Task1", "HW_Lesson5_Task1\HW_Lesson5_Task1.csproj", "{B6E6BFE9-4B19-43F9-8F89-8F01BBF21E28}"
EndProject
Project("{FAE04EC0-301F-11D3-BF4B-00C04F79EFBC}") = "HW_Lesson5_Task2", "HW_Lesson5_Task2\HW_Lesson5_Task2.csproj", "{99779AD6-2FD1-41D2-B843-8BF5660FCEC9}"
EndProject
Project("{2150E333-8FDC-42A3-9474-1A3956D46DE8}") = "HW_lesson_6", "HW_lesson_6", "{F5FE594F-5F25-4604-9457-E6A95859FF14}"
EndProject
Project("{FAE04EC0-301F-11D3-BF4B-00C04F79EFBC}") = "HW_Lesson6", "HW_Lesson6\HW_Lesson6.csproj", "{296DC275-C10F-4E11-AA2C-9DDF75318920}"
EndProject
Global
	GlobalSection(SolutionConfigurationPlatforms) = preSolution
		Debug|Any CPU = Debug|Any CPU
		Release|Any CPU = Release|Any CPU
	EndGlobalSection
	GlobalSection(ProjectConfigurationPlatforms) = postSolution
		{010E1634-C45A-4D41-B996-817F01C6DC23}.Debug|Any CPU.ActiveCfg = Debug|Any CPU
		{010E1634-C45A-4D41-B996-817F01C6DC23}.Debug|Any CPU.Build.0 = Debug|Any CPU
		{010E1634-C45A-4D41-B996-817F01C6DC23}.Release|Any CPU.ActiveCfg = Release|Any CPU
		{010E1634-C45A-4D41-B996-817F01C6DC23}.Release|Any CPU.Build.0 = Release|Any CPU
		{E63D4E1F-6404-430C-9079-FFC5F0E56859}.Debug|Any CPU.ActiveCfg = Debug|Any CPU
		{E63D4E1F-6404-430C-9079-FFC5F0E56859}.Debug|Any CPU.Build.0 = Debug|Any CPU
		{E63D4E1F-6404-430C-9079-FFC5F0E56859}.Release|Any CPU.ActiveCfg = Release|Any CPU
		{E63D4E1F-6404-430C-9079-FFC5F0E56859}.Release|Any CPU.Build.0 = Release|Any CPU
		{61E2C0CC-2776-411C-9314-1F4627608167}.Debug|Any CPU.ActiveCfg = Debug|Any CPU
		{61E2C0CC-2776-411C-9314-1F4627608167}.Debug|Any CPU.Build.0 = Debug|Any CPU
		{61E2C0CC-2776-411C-9314-1F4627608167}.Release|Any CPU.ActiveCfg = Release|Any CPU
		{61E2C0CC-2776-411C-9314-1F4627608167}.Release|Any CPU.Build.0 = Release|Any CPU
		{A2D08801-FD6B-49A7-930A-65F75D6D5BAB}.Debug|Any CPU.ActiveCfg = Debug|Any CPU
		{A2D08801-FD6B-49A7-930A-65F75D6D5BAB}.Debug|Any CPU.Build.0 = Debug|Any CPU
		{A2D08801-FD6B-49A7-930A-65F75D6D5BAB}.Release|Any CPU.ActiveCfg = Release|Any CPU
		{A2D08801-FD6B-49A7-930A-65F75D6D5BAB}.Release|Any CPU.Build.0 = Release|Any CPU
		{93569E39-40FB-4C85-B18B-0C2EC6904148}.Debug|Any CPU.ActiveCfg = Debug|Any CPU
		{93569E39-40FB-4C85-B18B-0C2EC6904148}.Debug|Any CPU.Build.0 = Debug|Any CPU
		{93569E39-40FB-4C85-B18B-0C2EC6904148}.Release|Any CPU.ActiveCfg = Release|Any CPU
		{93569E39-40FB-4C85-B18B-0C2EC6904148}.Release|Any CPU.Build.0 = Release|Any CPU
		{735A8047-54B1-41E3-8311-37AE89019F95}.Debug|Any CPU.ActiveCfg = Debug|Any CPU
		{735A8047-54B1-41E3-8311-37AE89019F95}.Debug|Any CPU.Build.0 = Debug|Any CPU
		{735A8047-54B1-41E3-8311-37AE89019F95}.Release|Any CPU.ActiveCfg = Release|Any CPU
		{735A8047-54B1-41E3-8311-37AE89019F95}.Release|Any CPU.Build.0 = Release|Any CPU
		{B6E6BFE9-4B19-43F9-8F89-8F01BBF21E28}.Debug|Any CPU.ActiveCfg = Debug|Any CPU
		{B6E6BFE9-4B19-43F9-8F89-8F01BBF21E28}.Debug|Any CPU.Build.0 = Debug|Any CPU
		{B6E6BFE9-4B19-43F9-8F89-8F01BBF21E28}.Release|Any CPU.ActiveCfg = Release|Any CPU
		{B6E6BFE9-4B19-43F9-8F89-8F01BBF21E28}.Release|Any CPU.Build.0 = Release|Any CPU
		{99779AD6-2FD1-41D2-B843-8BF5660FCEC9}.Debug|Any CPU.ActiveCfg = Debug|Any CPU
		{99779AD6-2FD1-41D2-B843-8BF5660FCEC9}.Debug|Any CPU.Build.0 = Debug|Any CPU
		{99779AD6-2FD1-41D2-B843-8BF5660FCEC9}.Release|Any CPU.ActiveCfg = Release|Any CPU
		{99779AD6-2FD1-41D2-B843-8BF5660FCEC9}.Release|Any CPU.Build.0 = Release|Any CPU
		{296DC275-C10F-4E11-AA2C-9DDF75318920}.Debug|Any CPU.ActiveCfg = Debug|Any CPU
		{296DC275-C10F-4E11-AA2C-9DDF75318920}.Debug|Any CPU.Build.0 = Debug|Any CPU
		{296DC275-C10F-4E11-AA2C-9DDF75318920}.Release|Any CPU.ActiveCfg = Release|Any CPU
		{296DC275-C10F-4E11-AA2C-9DDF75318920}.Release|Any CPU.Build.0 = Release|Any CPU
	EndGlobalSection
	GlobalSection(NestedProjects) = preSolution
		{A2D08801-FD6B-49A7-930A-65F75D6D5BAB} = {A7183C1A-C4EA-4186-AE04-D8D531AEE095}
		{93569E39-40FB-4C85-B18B-0C2EC6904148} = {A7183C1A-C4EA-4186-AE04-D8D531AEE095}
		{735A8047-54B1-41E3-8311-37AE89019F95} = {A7183C1A-C4EA-4186-AE04-D8D531AEE095}
		{B6E6BFE9-4B19-43F9-8F89-8F01BBF21E28} = {BC43DCE7-82B5-4596-AB1D-2E182AB924FC}
		{99779AD6-2FD1-41D2-B843-8BF5660FCEC9} = {BC43DCE7-82B5-4596-AB1D-2E182AB924FC}
		{296DC275-C10F-4E11-AA2C-9DDF75318920} = {F5FE594F-5F25-4604-9457-E6A95859FF14}
	EndGlobalSection
EndGlobal
